// !$*UTF8*$!
{
	archiveVersion = 1;
	classes = {
	};
	objectVersion = 46;
	objects = {

/* Begin PBXBuildFile section */
		C6DF6E191F03A64B0023FFC6 /* AppDelegate.swift in Sources */ = {isa = PBXBuildFile; fileRef = C6DF6E181F03A64B0023FFC6 /* AppDelegate.swift */; };
		C6DF6E1B1F03A64B0023FFC6 /* ViewController.swift in Sources */ = {isa = PBXBuildFile; fileRef = C6DF6E1A1F03A64B0023FFC6 /* ViewController.swift */; };
		C6DF6E1E1F03A64B0023FFC6 /* Main.storyboard in Resources */ = {isa = PBXBuildFile; fileRef = C6DF6E1C1F03A64B0023FFC6 /* Main.storyboard */; };
		C6DF6E201F03A64B0023FFC6 /* Assets.xcassets in Resources */ = {isa = PBXBuildFile; fileRef = C6DF6E1F1F03A64B0023FFC6 /* Assets.xcassets */; };
		C6DF6E231F03A64B0023FFC6 /* LaunchScreen.storyboard in Resources */ = {isa = PBXBuildFile; fileRef = C6DF6E211F03A64B0023FFC6 /* LaunchScreen.storyboard */; };
		C6DF6E2E1F03A64B0023FFC6 /* postcardTests.swift in Sources */ = {isa = PBXBuildFile; fileRef = C6DF6E2D1F03A64B0023FFC6 /* postcardTests.swift */; };
		C6DF6E391F03A64B0023FFC6 /* postcardUITests.swift in Sources */ = {isa = PBXBuildFile; fileRef = C6DF6E381F03A64B0023FFC6 /* postcardUITests.swift */; };
		C6DF6E471F03CD6B0023FFC6 /* SagradaFamilia.jpeg in Resources */ = {isa = PBXBuildFile; fileRef = C6DF6E461F03CD6B0023FFC6 /* SagradaFamilia.jpeg */; };
		C6DF6E491F03D7A50023FFC6 /* AlbertEinsteinStamp.jpg in Resources */ = {isa = PBXBuildFile; fileRef = C6DF6E481F03D7A50023FFC6 /* AlbertEinsteinStamp.jpg */; };
/* End PBXBuildFile section */

/* Begin PBXContainerItemProxy section */
		C6DF6E2A1F03A64B0023FFC6 /* PBXContainerItemProxy */ = {
			isa = PBXContainerItemProxy;
			containerPortal = C6DF6E0D1F03A64B0023FFC6 /* Project object */;
			proxyType = 1;
			remoteGlobalIDString = C6DF6E141F03A64B0023FFC6;
			remoteInfo = postcard;
		};
		C6DF6E351F03A64B0023FFC6 /* PBXContainerItemProxy */ = {
			isa = PBXContainerItemProxy;
			containerPortal = C6DF6E0D1F03A64B0023FFC6 /* Project object */;
			proxyType = 1;
			remoteGlobalIDString = C6DF6E141F03A64B0023FFC6;
			remoteInfo = postcard;
		};
/* End PBXContainerItemProxy section */

/* Begin PBXFileReference section */
		C6DF6E151F03A64B0023FFC6 /* postcard.app */ = {isa = PBXFileReference; explicitFileType = wrapper.application; includeInIndex = 0; path = postcard.app; sourceTree = BUILT_PRODUCTS_DIR; };
		C6DF6E181F03A64B0023FFC6 /* AppDelegate.swift */ = {isa = PBXFileReference; lastKnownFileType = sourcecode.swift; path = AppDelegate.swift; sourceTree = "<group>"; };
		C6DF6E1A1F03A64B0023FFC6 /* ViewController.swift */ = {isa = PBXFileReference; lastKnownFileType = sourcecode.swift; path = ViewController.swift; sourceTree = "<group>"; };
		C6DF6E1D1F03A64B0023FFC6 /* Base */ = {isa = PBXFileReference; lastKnownFileType = file.storyboard; name = Base; path = Base.lproj/Main.storyboard; sourceTree = "<group>"; };
		C6DF6E1F1F03A64B0023FFC6 /* Assets.xcassets */ = {isa = PBXFileReference; lastKnownFileType = folder.assetcatalog; path = Assets.xcassets; sourceTree = "<group>"; };
		C6DF6E221F03A64B0023FFC6 /* Base */ = {isa = PBXFileReference; lastKnownFileType = file.storyboard; name = Base; path = Base.lproj/LaunchScreen.storyboard; sourceTree = "<group>"; };
		C6DF6E241F03A64B0023FFC6 /* Info.plist */ = {isa = PBXFileReference; lastKnownFileType = text.plist.xml; path = Info.plist; sourceTree = "<group>"; };
		C6DF6E291F03A64B0023FFC6 /* postcardTests.xctest */ = {isa = PBXFileReference; explicitFileType = wrapper.cfbundle; includeInIndex = 0; path = postcardTests.xctest; sourceTree = BUILT_PRODUCTS_DIR; };
		C6DF6E2D1F03A64B0023FFC6 /* postcardTests.swift */ = {isa = PBXFileReference; lastKnownFileType = sourcecode.swift; path = postcardTests.swift; sourceTree = "<group>"; };
		C6DF6E2F1F03A64B0023FFC6 /* Info.plist */ = {isa = PBXFileReference; lastKnownFileType = text.plist.xml; path = Info.plist; sourceTree = "<group>"; };
		C6DF6E341F03A64B0023FFC6 /* postcardUITests.xctest */ = {isa = PBXFileReference; explicitFileType = wrapper.cfbundle; includeInIndex = 0; path = postcardUITests.xctest; sourceTree = BUILT_PRODUCTS_DIR; };
		C6DF6E381F03A64B0023FFC6 /* postcardUITests.swift */ = {isa = PBXFileReference; lastKnownFileType = sourcecode.swift; path = postcardUITests.swift; sourceTree = "<group>"; };
		C6DF6E3A1F03A64B0023FFC6 /* Info.plist */ = {isa = PBXFileReference; lastKnownFileType = text.plist.xml; path = Info.plist; sourceTree = "<group>"; };
		C6DF6E461F03CD6B0023FFC6 /* SagradaFamilia.jpeg */ = {isa = PBXFileReference; lastKnownFileType = image.jpeg; path = SagradaFamilia.jpeg; sourceTree = "<group>"; };
		C6DF6E481F03D7A50023FFC6 /* AlbertEinsteinStamp.jpg */ = {isa = PBXFileReference; lastKnownFileType = image.jpeg; path = AlbertEinsteinStamp.jpg; sourceTree = "<group>"; };
/* End PBXFileReference section */

/* Begin PBXFrameworksBuildPhase section */
		C6DF6E121F03A64B0023FFC6 /* Frameworks */ = {
			isa = PBXFrameworksBuildPhase;
			buildActionMask = 2147483647;
			files = (
			);
			runOnlyForDeploymentPostprocessing = 0;
		};
		C6DF6E261F03A64B0023FFC6 /* Frameworks */ = {
			isa = PBXFrameworksBuildPhase;
			buildActionMask = 2147483647;
			files = (
			);
			runOnlyForDeploymentPostprocessing = 0;
		};
		C6DF6E311F03A64B0023FFC6 /* Frameworks */ = {
			isa = PBXFrameworksBuildPhase;
			buildActionMask = 2147483647;
			files = (
			);
			runOnlyForDeploymentPostprocessing = 0;
		};
/* End PBXFrameworksBuildPhase section */

/* Begin PBXGroup section */
		C6DF6E0C1F03A64B0023FFC6 = {
			isa = PBXGroup;
			children = (
				C6DF6E171F03A64B0023FFC6 /* postcard */,
				C6DF6E2C1F03A64B0023FFC6 /* postcardTests */,
				C6DF6E371F03A64B0023FFC6 /* postcardUITests */,
				C6DF6E161F03A64B0023FFC6 /* Products */,
			);
			sourceTree = "<group>";
		};
		C6DF6E161F03A64B0023FFC6 /* Products */ = {
			isa = PBXGroup;
			children = (
				C6DF6E151F03A64B0023FFC6 /* postcard.app */,
				C6DF6E291F03A64B0023FFC6 /* postcardTests.xctest */,
				C6DF6E341F03A64B0023FFC6 /* postcardUITests.xctest */,
			);
			name = Products;
			sourceTree = "<group>";
		};
		C6DF6E171F03A64B0023FFC6 /* postcard */ = {
			isa = PBXGroup;
			children = (
				C6DF6E481F03D7A50023FFC6 /* AlbertEinsteinStamp.jpg */,
				C6DF6E461F03CD6B0023FFC6 /* SagradaFamilia.jpeg */,
				C6DF6E181F03A64B0023FFC6 /* AppDelegate.swift */,
				C6DF6E1A1F03A64B0023FFC6 /* ViewController.swift */,
				C6DF6E1C1F03A64B0023FFC6 /* Main.storyboard */,
				C6DF6E1F1F03A64B0023FFC6 /* Assets.xcassets */,
				C6DF6E211F03A64B0023FFC6 /* LaunchScreen.storyboard */,
				C6DF6E241F03A64B0023FFC6 /* Info.plist */,
			);
			path = postcard;
			sourceTree = "<group>";
		};
		C6DF6E2C1F03A64B0023FFC6 /* postcardTests */ = {
			isa = PBXGroup;
			children = (
				C6DF6E2D1F03A64B0023FFC6 /* postcardTests.swift */,
				C6DF6E2F1F03A64B0023FFC6 /* Info.plist */,
			);
			path = postcardTests;
			sourceTree = "<group>";
		};
		C6DF6E371F03A64B0023FFC6 /* postcardUITests */ = {
			isa = PBXGroup;
			children = (
				C6DF6E381F03A64B0023FFC6 /* postcardUITests.swift */,
				C6DF6E3A1F03A64B0023FFC6 /* Info.plist */,
			);
			path = postcardUITests;
			sourceTree = "<group>";
		};
/* End PBXGroup section */

/* Begin PBXNativeTarget section */
		C6DF6E141F03A64B0023FFC6 /* postcard */ = {
			isa = PBXNativeTarget;
			buildConfigurationList = C6DF6E3D1F03A64B0023FFC6 /* Build configuration list for PBXNativeTarget "postcard" */;
			buildPhases = (
				C6DF6E111F03A64B0023FFC6 /* Sources */,
				C6DF6E121F03A64B0023FFC6 /* Frameworks */,
				C6DF6E131F03A64B0023FFC6 /* Resources */,
			);
			buildRules = (
			);
			dependencies = (
			);
			name = postcard;
			productName = postcard;
			productReference = C6DF6E151F03A64B0023FFC6 /* postcard.app */;
			productType = "com.apple.product-type.application";
		};
		C6DF6E281F03A64B0023FFC6 /* postcardTests */ = {
			isa = PBXNativeTarget;
			buildConfigurationList = C6DF6E401F03A64B0023FFC6 /* Build configuration list for PBXNativeTarget "postcardTests" */;
			buildPhases = (
				C6DF6E251F03A64B0023FFC6 /* Sources */,
				C6DF6E261F03A64B0023FFC6 /* Frameworks */,
				C6DF6E271F03A64B0023FFC6 /* Resources */,
			);
			buildRules = (
			);
			dependencies = (
				C6DF6E2B1F03A64B0023FFC6 /* PBXTargetDependency */,
			);
			name = postcardTests;
			productName = postcardTests;
			productReference = C6DF6E291F03A64B0023FFC6 /* postcardTests.xctest */;
			productType = "com.apple.product-type.bundle.unit-test";
		};
		C6DF6E331F03A64B0023FFC6 /* postcardUITests */ = {
			isa = PBXNativeTarget;
			buildConfigurationList = C6DF6E431F03A64B0023FFC6 /* Build configuration list for PBXNativeTarget "postcardUITests" */;
			buildPhases = (
				C6DF6E301F03A64B0023FFC6 /* Sources */,
				C6DF6E311F03A64B0023FFC6 /* Frameworks */,
				C6DF6E321F03A64B0023FFC6 /* Resources */,
			);
			buildRules = (
			);
			dependencies = (
				C6DF6E361F03A64B0023FFC6 /* PBXTargetDependency */,
			);
			name = postcardUITests;
			productName = postcardUITests;
			productReference = C6DF6E341F03A64B0023FFC6 /* postcardUITests.xctest */;
			productType = "com.apple.product-type.bundle.ui-testing";
		};
/* End PBXNativeTarget section */

/* Begin PBXProject section */
		C6DF6E0D1F03A64B0023FFC6 /* Project object */ = {
			isa = PBXProject;
			attributes = {
				LastSwiftUpdateCheck = 0820;
				LastUpgradeCheck = 0820;
				ORGANIZATIONNAME = mechtatel;
				TargetAttributes = {
					C6DF6E141F03A64B0023FFC6 = {
						CreatedOnToolsVersion = 8.2.1;
						ProvisioningStyle = Automatic;
					};
					C6DF6E281F03A64B0023FFC6 = {
						CreatedOnToolsVersion = 8.2.1;
						ProvisioningStyle = Automatic;
						TestTargetID = C6DF6E141F03A64B0023FFC6;
					};
					C6DF6E331F03A64B0023FFC6 = {
						CreatedOnToolsVersion = 8.2.1;
						ProvisioningStyle = Automatic;
						TestTargetID = C6DF6E141F03A64B0023FFC6;
					};
				};
			};
			buildConfigurationList = C6DF6E101F03A64B0023FFC6 /* Build configuration list for PBXProject "postcard" */;
			compatibilityVersion = "Xcode 3.2";
			developmentRegion = English;
			hasScannedForEncodings = 0;
			knownRegions = (
				en,
				Base,
			);
			mainGroup = C6DF6E0C1F03A64B0023FFC6;
			productRefGroup = C6DF6E161F03A64B0023FFC6 /* Products */;
			projectDirPath = "";
			projectRoot = "";
			targets = (
				C6DF6E141F03A64B0023FFC6 /* postcard */,
				C6DF6E281F03A64B0023FFC6 /* postcardTests */,
				C6DF6E331F03A64B0023FFC6 /* postcardUITests */,
			);
		};
/* End PBXProject section */

/* Begin PBXResourcesBuildPhase section */
		C6DF6E131F03A64B0023FFC6 /* Resources */ = {
			isa = PBXResourcesBuildPhase;
			buildActionMask = 2147483647;
			files = (
				C6DF6E231F03A64B0023FFC6 /* LaunchScreen.storyboard in Resources */,
				C6DF6E471F03CD6B0023FFC6 /* SagradaFamilia.jpeg in Resources */,
				C6DF6E491F03D7A50023FFC6 /* AlbertEinsteinStamp.jpg in Resources */,
				C6DF6E201F03A64B0023FFC6 /* Assets.xcassets in Resources */,
				C6DF6E1E1F03A64B0023FFC6 /* Main.storyboard in Resources */,
			);
			runOnlyForDeploymentPostprocessing = 0;
		};
		C6DF6E271F03A64B0023FFC6 /* Resources */ = {
			isa = PBXResourcesBuildPhase;
			buildActionMask = 2147483647;
			files = (
			);
			runOnlyForDeploymentPostprocessing = 0;
		};
		C6DF6E321F03A64B0023FFC6 /* Resources */ = {
			isa = PBXResourcesBuildPhase;
			buildActionMask = 2147483647;
			files = (
			);
			runOnlyForDeploymentPostprocessing = 0;
		};
/* End PBXResourcesBuildPhase section */

/* Begin PBXSourcesBuildPhase section */
		C6DF6E111F03A64B0023FFC6 /* Sources */ = {
			isa = PBXSourcesBuildPhase;
			buildActionMask = 2147483647;
			files = (
				C6DF6E1B1F03A64B0023FFC6 /* ViewController.swift in Sources */,
				C6DF6E191F03A64B0023FFC6 /* AppDelegate.swift in Sources */,
			);
			runOnlyForDeploymentPostprocessing = 0;
		};
		C6DF6E251F03A64B0023FFC6 /* Sources */ = {
			isa = PBXSourcesBuildPhase;
			buildActionMask = 2147483647;
			files = (
				C6DF6E2E1F03A64B0023FFC6 /* postcardTests.swift in Sources */,
			);
			runOnlyForDeploymentPostprocessing = 0;
		};
		C6DF6E301F03A64B0023FFC6 /* Sources */ = {
			isa = PBXSourcesBuildPhase;
			buildActionMask = 2147483647;
			files = (
				C6DF6E391F03A64B0023FFC6 /* postcardUITests.swift in Sources */,
			);
			runOnlyForDeploymentPostprocessing = 0;
		};
/* End PBXSourcesBuildPhase section */

/* Begin PBXTargetDependency section */
		C6DF6E2B1F03A64B0023FFC6 /* PBXTargetDependency */ = {
			isa = PBXTargetDependency;
			target = C6DF6E141F03A64B0023FFC6 /* postcard */;
			targetProxy = C6DF6E2A1F03A64B0023FFC6 /* PBXContainerItemProxy */;
		};
		C6DF6E361F03A64B0023FFC6 /* PBXTargetDependency */ = {
			isa = PBXTargetDependency;
			target = C6DF6E141F03A64B0023FFC6 /* postcard */;
			targetProxy = C6DF6E351F03A64B0023FFC6 /* PBXContainerItemProxy */;
		};
/* End PBXTargetDependency section */

/* Begin PBXVariantGroup section */
		C6DF6E1C1F03A64B0023FFC6 /* Main.storyboard */ = {
			isa = PBXVariantGroup;
			children = (
				C6DF6E1D1F03A64B0023FFC6 /* Base */,
			);
			name = Main.storyboard;
			sourceTree = "<group>";
		};
		C6DF6E211F03A64B0023FFC6 /* LaunchScreen.storyboard */ = {
			isa = PBXVariantGroup;
			children = (
				C6DF6E221F03A64B0023FFC6 /* Base */,
			);
			name = LaunchScreen.storyboard;
			sourceTree = "<group>";
		};
/* End PBXVariantGroup section */

/* Begin XCBuildConfiguration section */
		C6DF6E3B1F03A64B0023FFC6 /* Debug */ = {
			isa = XCBuildConfiguration;
			buildSettings = {
				ALWAYS_SEARCH_USER_PATHS = NO;
				CLANG_ANALYZER_NONNULL = YES;
				CLANG_CXX_LANGUAGE_STANDARD = "gnu++0x";
				CLANG_CXX_LIBRARY = "libc++";
				CLANG_ENABLE_MODULES = YES;
				CLANG_ENABLE_OBJC_ARC = YES;
				CLANG_WARN_BOOL_CONVERSION = YES;
				CLANG_WARN_CONSTANT_CONVERSION = YES;
				CLANG_WARN_DIRECT_OBJC_ISA_USAGE = YES_ERROR;
				CLANG_WARN_DOCUMENTATION_COMMENTS = YES;
				CLANG_WARN_EMPTY_BODY = YES;
				CLANG_WARN_ENUM_CONVERSION = YES;
				CLANG_WARN_INFINITE_RECURSION = YES;
				CLANG_WARN_INT_CONVERSION = YES;
				CLANG_WARN_OBJC_ROOT_CLASS = YES_ERROR;
				CLANG_WARN_SUSPICIOUS_MOVE = YES;
				CLANG_WARN_UNREACHABLE_CODE = YES;
				CLANG_WARN__DUPLICATE_METHOD_MATCH = YES;
				"CODE_SIGN_IDENTITY[sdk=iphoneos*]" = "iPhone Developer";
				COPY_PHASE_STRIP = NO;
				DEBUG_INFORMATION_FORMAT = dwarf;
				ENABLE_STRICT_OBJC_MSGSEND = YES;
				ENABLE_TESTABILITY = YES;
				GCC_C_LANGUAGE_STANDARD = gnu99;
				GCC_DYNAMIC_NO_PIC = NO;
				GCC_NO_COMMON_BLOCKS = YES;
				GCC_OPTIMIZATION_LEVEL = 0;
				GCC_PREPROCESSOR_DEFINITIONS = (
					"DEBUG=1",
					"$(inherited)",
				);
				GCC_WARN_64_TO_32_BIT_CONVERSION = YES;
				GCC_WARN_ABOUT_RETURN_TYPE = YES_ERROR;
				GCC_WARN_UNDECLARED_SELECTOR = YES;
				GCC_WARN_UNINITIALIZED_AUTOS = YES_AGGRESSIVE;
				GCC_WARN_UNUSED_FUNCTION = YES;
				GCC_WARN_UNUSED_VARIABLE = YES;
				IPHONEOS_DEPLOYMENT_TARGET = 10.2;
				MTL_ENABLE_DEBUG_INFO = YES;
				ONLY_ACTIVE_ARCH = YES;
				SDKROOT = iphoneos;
				SWIFT_ACTIVE_COMPILATION_CONDITIONS = DEBUG;
				SWIFT_OPTIMIZATION_LEVEL = "-Onone";
				TARGETED_DEVICE_FAMILY = "1,2";
			};
			name = Debug;
		};
		C6DF6E3C1F03A64B0023FFC6 /* Release */ = {
			isa = XCBuildConfiguration;
			buildSettings = {
				ALWAYS_SEARCH_USER_PATHS = NO;
				CLANG_ANALYZER_NONNULL = YES;
				CLANG_CXX_LANGUAGE_STANDARD = "gnu++0x";
				CLANG_CXX_LIBRARY = "libc++";
				CLANG_ENABLE_MODULES = YES;
				CLANG_ENABLE_OBJC_ARC = YES;
				CLANG_WARN_BOOL_CONVERSION = YES;
				CLANG_WARN_CONSTANT_CONVERSION = YES;
				CLANG_WARN_DIRECT_OBJC_ISA_USAGE = YES_ERROR;
				CLANG_WARN_DOCUMENTATION_COMMENTS = YES;
				CLANG_WARN_EMPTY_BODY = YES;
				CLANG_WARN_ENUM_CONVERSION = YES;
				CLANG_WARN_INFINITE_RECURSION = YES;
				CLANG_WARN_INT_CONVERSION = YES;
				CLANG_WARN_OBJC_ROOT_CLASS = YES_ERROR;
				CLANG_WARN_SUSPICIOUS_MOVE = YES;
				CLANG_WARN_UNREACHABLE_CODE = YES;
				CLANG_WARN__DUPLICATE_METHOD_MATCH = YES;
				"CODE_SIGN_IDENTITY[sdk=iphoneos*]" = "iPhone Developer";
				COPY_PHASE_STRIP = NO;
				DEBUG_INFORMATION_FORMAT = "dwarf-with-dsym";
				ENABLE_NS_ASSERTIONS = NO;
				ENABLE_STRICT_OBJC_MSGSEND = YES;
				GCC_C_LANGUAGE_STANDARD = gnu99;
				GCC_NO_COMMON_BLOCKS = YES;
				GCC_WARN_64_TO_32_BIT_CONVERSION = YES;
				GCC_WARN_ABOUT_RETURN_TYPE = YES_ERROR;
				GCC_WARN_UNDECLARED_SELECTOR = YES;
				GCC_WARN_UNINITIALIZED_AUTOS = YES_AGGRESSIVE;
				GCC_WARN_UNUSED_FUNCTION = YES;
				GCC_WARN_UNUSED_VARIABLE = YES;
				IPHONEOS_DEPLOYMENT_TARGET = 10.2;
				MTL_ENABLE_DEBUG_INFO = NO;
				SDKROOT = iphoneos;
				SWIFT_OPTIMIZATION_LEVEL = "-Owholemodule";
				TARGETED_DEVICE_FAMILY = "1,2";
				VALIDATE_PRODUCT = YES;
			};
			name = Release;
		};
		C6DF6E3E1F03A64B0023FFC6 /* Debug */ = {
			isa = XCBuildConfiguration;
			buildSettings = {
				ASSETCATALOG_COMPILER_APPICON_NAME = AppIcon;
				INFOPLIST_FILE = postcard/Info.plist;
				LD_RUNPATH_SEARCH_PATHS = "$(inherited) @executable_path/Frameworks";
				PRODUCT_BUNDLE_IDENTIFIER = mechtatel.com.postcard;
				PRODUCT_NAME = "$(TARGET_NAME)";
				SWIFT_VERSION = 3.0;
			};
			name = Debug;
		};
		C6DF6E3F1F03A64B0023FFC6 /* Release */ = {
			isa = XCBuildConfiguration;
			buildSettings = {
				ASSETCATALOG_COMPILER_APPICON_NAME = AppIcon;
				INFOPLIST_FILE = postcard/Info.plist;
				LD_RUNPATH_SEARCH_PATHS = "$(inherited) @executable_path/Frameworks";
				PRODUCT_BUNDLE_IDENTIFIER = mechtatel.com.postcard;
				PRODUCT_NAME = "$(TARGET_NAME)";
				SWIFT_VERSION = 3.0;
			};
			name = Release;
		};
		C6DF6E411F03A64B0023FFC6 /* Debug */ = {
			isa = XCBuildConfiguration;
			buildSettings = {
				ALWAYS_EMBED_SWIFT_STANDARD_LIBRARIES = YES;
				BUNDLE_LOADER = "$(TEST_HOST)";
				INFOPLIST_FILE = postcardTests/Info.plist;
				LD_RUNPATH_SEARCH_PATHS = "$(inherited) @executable_path/Frameworks @loader_path/Frameworks";
				PRODUCT_BUNDLE_IDENTIFIER = mechtatel.com.postcardTests;
				PRODUCT_NAME = "$(TARGET_NAME)";
				SWIFT_VERSION = 3.0;
				TEST_HOST = "$(BUILT_PRODUCTS_DIR)/postcard.app/postcard";
			};
			name = Debug;
		};
		C6DF6E421F03A64B0023FFC6 /* Release */ = {
			isa = XCBuildConfiguration;
			buildSettings = {
				ALWAYS_EMBED_SWIFT_STANDARD_LIBRARIES = YES;
				BUNDLE_LOADER = "$(TEST_HOST)";
				INFOPLIST_FILE = postcardTests/Info.plist;
				LD_RUNPATH_SEARCH_PATHS = "$(inherited) @executable_path/Frameworks @loader_path/Frameworks";
				PRODUCT_BUNDLE_IDENTIFIER = mechtatel.com.postcardTests;
				PRODUCT_NAME = "$(TARGET_NAME)";
				SWIFT_VERSION = 3.0;
				TEST_HOST = "$(BUILT_PRODUCTS_DIR)/postcard.app/postcard";
			};
			name = Release;
		};
		C6DF6E441F03A64B0023FFC6 /* Debug */ = {
			isa = XCBuildConfiguration;
			buildSettings = {
				ALWAYS_EMBED_SWIFT_STANDARD_LIBRARIES = YES;
				INFOPLIST_FILE = postcardUITests/Info.plist;
				LD_RUNPATH_SEARCH_PATHS = "$(inherited) @executable_path/Frameworks @loader_path/Frameworks";
				PRODUCT_BUNDLE_IDENTIFIER = mechtatel.com.postcardUITests;
				PRODUCT_NAME = "$(TARGET_NAME)";
				SWIFT_VERSION = 3.0;
				TEST_TARGET_NAME = postcard;
			};
			name = Debug;
		};
		C6DF6E451F03A64B0023FFC6 /* Release */ = {
			isa = XCBuildConfiguration;
			buildSettings = {
				ALWAYS_EMBED_SWIFT_STANDARD_LIBRARIES = YES;
				INFOPLIST_FILE = postcardUITests/Info.plist;
				LD_RUNPATH_SEARCH_PATHS = "$(inherited) @executable_path/Frameworks @loader_path/Frameworks";
				PRODUCT_BUNDLE_IDENTIFIER = mechtatel.com.postcardUITests;
				PRODUCT_NAME = "$(TARGET_NAME)";
				SWIFT_VERSION = 3.0;
				TEST_TARGET_NAME = postcard;
			};
			name = Release;
		};
/* End XCBuildConfiguration section */

/* Begin XCConfigurationList section */
		C6DF6E101F03A64B0023FFC6 /* Build configuration list for PBXProject "postcard" */ = {
			isa = XCConfigurationList;
			buildConfigurations = (
				C6DF6E3B1F03A64B0023FFC6 /* Debug */,
				C6DF6E3C1F03A64B0023FFC6 /* Release */,
			);
			defaultConfigurationIsVisible = 0;
			defaultConfigurationName = Release;
		};
		C6DF6E3D1F03A64B0023FFC6 /* Build configuration list for PBXNativeTarget "postcard" */ = {
			isa = XCConfigurationList;
			buildConfigurations = (
				C6DF6E3E1F03A64B0023FFC6 /* Debug */,
				C6DF6E3F1F03A64B0023FFC6 /* Release */,
			);
			defaultConfigurationIsVisible = 0;
		};
		C6DF6E401F03A64B0023FFC6 /* Build configuration list for PBXNativeTarget "postcardTests" */ = {
			isa = XCConfigurationList;
			buildConfigurations = (
				C6DF6E411F03A64B0023FFC6 /* Debug */,
				C6DF6E421F03A64B0023FFC6 /* Release */,
			);
			defaultConfigurationIsVisible = 0;
		};
		C6DF6E431F03A64B0023FFC6 /* Build configuration list for PBXNativeTarget "postcardUITests" */ = {
			isa = XCConfigurationList;
			buildConfigurations = (
				C6DF6E441F03A64B0023FFC6 /* Debug */,
				C6DF6E451F03A64B0023FFC6 /* Release */,
			);
			defaultConfigurationIsVisible = 0;
		};
/* End XCConfigurationList section */
	};
	rootObject = C6DF6E0D1F03A64B0023FFC6 /* Project object */;
}
